
Microsoft Visual Studio Solution File, Format Version 12.00
# Visual Studio 15
VisualStudioVersion = 15.0.28307.329
MinimumVisualStudioVersion = 10.0.40219.1
Project("{FAE04EC0-301F-11D3-BF4B-00C04F79EFBC}") = "FarManager", "FarManager\FarManager.csproj", "{FB7CE325-8A12-423F-90AD-E10749FEBBD9}"
EndProject
Global
	GlobalSection(SolutionConfigurationPlatforms) = preSolution
		Debug|Any CPU = Debug|Any CPU
		Release|Any CPU = Release|Any CPU
	EndGlobalSection
	GlobalSection(ProjectConfigurationPlatforms) = postSolution
		{FB7CE325-8A12-423F-90AD-E10749FEBBD9}.Debug|Any CPU.ActiveCfg = Debug|Any CPU
		{FB7CE325-8A12-423F-90AD-E10749FEBBD9}.Debug|Any CPU.Build.0 = Debug|Any CPU
		{FB7CE325-8A12-423F-90AD-E10749FEBBD9}.Release|Any CPU.ActiveCfg = Release|Any CPU
		{FB7CE325-8A12-423F-90AD-E10749FEBBD9}.Release|Any CPU.Build.0 = Release|Any CPU
	EndGlobalSection
	GlobalSection(SolutionProperties) = preSolution
		HideSolutionNode = FALSE
	EndGlobalSection
	GlobalSection(ExtensibilityGlobals) = postSolution
		SolutionGuid = {1BE360C4-5C07-4EC0-AA52-50CAE9B2957B}
	EndGlobalSection
EndGlobal
